
Microsoft Visual Studio Solution File, Format Version 12.00
# Visual Studio Version 16
VisualStudioVersion = 16.0.30523.141
MinimumVisualStudioVersion = 10.0.40219.1
Project("{FAE04EC0-301F-11D3-BF4B-00C04F79EFBC}") = "Observer", "Observer.csproj", "{D9A65F2E-6E85-4DE7-90EC-81F0C39E0373}"
EndProject
Global
	GlobalSection(SolutionConfigurationPlatforms) = preSolution
		Debug|Any CPU = Debug|Any CPU
		Release|Any CPU = Release|Any CPU
	EndGlobalSection
	GlobalSection(ProjectConfigurationPlatforms) = postSolution
		{D9A65F2E-6E85-4DE7-90EC-81F0C39E0373}.Debug|Any CPU.ActiveCfg = Debug|Any CPU
		{D9A65F2E-6E85-4DE7-90EC-81F0C39E0373}.Debug|Any CPU.Build.0 = Debug|Any CPU
		{D9A65F2E-6E85-4DE7-90EC-81F0C39E0373}.Release|Any CPU.ActiveCfg = Release|Any CPU
		{D9A65F2E-6E85-4DE7-90EC-81F0C39E0373}.Release|Any CPU.Build.0 = Release|Any CPU
	EndGlobalSection
	GlobalSection(SolutionProperties) = preSolution
		HideSolutionNode = FALSE
	EndGlobalSection
	GlobalSection(ExtensibilityGlobals) = postSolution
		SolutionGuid = {CC12F83D-B177-4306-81E2-8D478860FD1F}
	EndGlobalSection
EndGlobal
