
Microsoft Visual Studio Solution File, Format Version 12.00
# Visual Studio Version 16
VisualStudioVersion = 16.0.30523.141
MinimumVisualStudioVersion = 10.0.40219.1
Project("{FAE04EC0-301F-11D3-BF4B-00C04F79EFBC}") = "Dependecy Invertion Principle", "Dependecy Invertion Principle.csproj", "{A6B61201-D3D6-4635-B2F7-B58AEE9E4AE3}"
EndProject
Global
	GlobalSection(SolutionConfigurationPlatforms) = preSolution
		Debug|Any CPU = Debug|Any CPU
		Release|Any CPU = Release|Any CPU
	EndGlobalSection
	GlobalSection(ProjectConfigurationPlatforms) = postSolution
		{A6B61201-D3D6-4635-B2F7-B58AEE9E4AE3}.Debug|Any CPU.ActiveCfg = Debug|Any CPU
		{A6B61201-D3D6-4635-B2F7-B58AEE9E4AE3}.Debug|Any CPU.Build.0 = Debug|Any CPU
		{A6B61201-D3D6-4635-B2F7-B58AEE9E4AE3}.Release|Any CPU.ActiveCfg = Release|Any CPU
		{A6B61201-D3D6-4635-B2F7-B58AEE9E4AE3}.Release|Any CPU.Build.0 = Release|Any CPU
	EndGlobalSection
	GlobalSection(SolutionProperties) = preSolution
		HideSolutionNode = FALSE
	EndGlobalSection
	GlobalSection(ExtensibilityGlobals) = postSolution
		SolutionGuid = {6A91B5B2-6043-4CE6-A2E6-4457FF126DCC}
	EndGlobalSection
EndGlobal
