
Microsoft Visual Studio Solution File, Format Version 12.00
# Visual Studio Version 16
VisualStudioVersion = 16.0.30523.141
MinimumVisualStudioVersion = 10.0.40219.1
Project("{FAE04EC0-301F-11D3-BF4B-00C04F79EFBC}") = "Controls", "Controls.csproj", "{BD3F44CE-C156-41E6-9F2C-F6709D045949}"
EndProject
Global
	GlobalSection(SolutionConfigurationPlatforms) = preSolution
		Debug|Any CPU = Debug|Any CPU
		Release|Any CPU = Release|Any CPU
	EndGlobalSection
	GlobalSection(ProjectConfigurationPlatforms) = postSolution
		{BD3F44CE-C156-41E6-9F2C-F6709D045949}.Debug|Any CPU.ActiveCfg = Debug|Any CPU
		{BD3F44CE-C156-41E6-9F2C-F6709D045949}.Debug|Any CPU.Build.0 = Debug|Any CPU
		{BD3F44CE-C156-41E6-9F2C-F6709D045949}.Release|Any CPU.ActiveCfg = Release|Any CPU
		{BD3F44CE-C156-41E6-9F2C-F6709D045949}.Release|Any CPU.Build.0 = Release|Any CPU
	EndGlobalSection
	GlobalSection(SolutionProperties) = preSolution
		HideSolutionNode = FALSE
	EndGlobalSection
	GlobalSection(ExtensibilityGlobals) = postSolution
		SolutionGuid = {865ECF85-7624-4EC3-AD1E-C9671DA9C27B}
	EndGlobalSection
EndGlobal
