
Microsoft Visual Studio Solution File, Format Version 12.00
# Visual Studio Version 16
VisualStudioVersion = 16.0.30523.141
MinimumVisualStudioVersion = 10.0.40219.1
Project("{FAE04EC0-301F-11D3-BF4B-00C04F79EFBC}") = "Composite", "Composite.csproj", "{7237F63F-A86D-4C77-90E7-5CCECAF4B0BB}"
EndProject
Global
	GlobalSection(SolutionConfigurationPlatforms) = preSolution
		Debug|Any CPU = Debug|Any CPU
		Release|Any CPU = Release|Any CPU
	EndGlobalSection
	GlobalSection(ProjectConfigurationPlatforms) = postSolution
		{7237F63F-A86D-4C77-90E7-5CCECAF4B0BB}.Debug|Any CPU.ActiveCfg = Debug|Any CPU
		{7237F63F-A86D-4C77-90E7-5CCECAF4B0BB}.Debug|Any CPU.Build.0 = Debug|Any CPU
		{7237F63F-A86D-4C77-90E7-5CCECAF4B0BB}.Release|Any CPU.ActiveCfg = Release|Any CPU
		{7237F63F-A86D-4C77-90E7-5CCECAF4B0BB}.Release|Any CPU.Build.0 = Release|Any CPU
	EndGlobalSection
	GlobalSection(SolutionProperties) = preSolution
		HideSolutionNode = FALSE
	EndGlobalSection
	GlobalSection(ExtensibilityGlobals) = postSolution
		SolutionGuid = {B3472FCB-20A4-45AE-AFCC-0C7495F158B8}
	EndGlobalSection
EndGlobal
