
Microsoft Visual Studio Solution File, Format Version 12.00
# Visual Studio Version 16
VisualStudioVersion = 16.0.30804.86
MinimumVisualStudioVersion = 10.0.40219.1
Project("{FAE04EC0-301F-11D3-BF4B-00C04F79EFBC}") = "Validation", "Validation.csproj", "{E8B8F24B-543A-473D-B609-5618C4978818}"
EndProject
Global
	GlobalSection(SolutionConfigurationPlatforms) = preSolution
		Debug|Any CPU = Debug|Any CPU
		Release|Any CPU = Release|Any CPU
	EndGlobalSection
	GlobalSection(ProjectConfigurationPlatforms) = postSolution
		{E8B8F24B-543A-473D-B609-5618C4978818}.Debug|Any CPU.ActiveCfg = Debug|Any CPU
		{E8B8F24B-543A-473D-B609-5618C4978818}.Debug|Any CPU.Build.0 = Debug|Any CPU
		{E8B8F24B-543A-473D-B609-5618C4978818}.Release|Any CPU.ActiveCfg = Release|Any CPU
		{E8B8F24B-543A-473D-B609-5618C4978818}.Release|Any CPU.Build.0 = Release|Any CPU
	EndGlobalSection
	GlobalSection(SolutionProperties) = preSolution
		HideSolutionNode = FALSE
	EndGlobalSection
	GlobalSection(ExtensibilityGlobals) = postSolution
		SolutionGuid = {4BA4AE91-67EE-4737-B0A6-6AB35D33EBC2}
	EndGlobalSection
EndGlobal
