
Microsoft Visual Studio Solution File, Format Version 12.00
# Visual Studio Version 16
VisualStudioVersion = 16.0.30523.141
MinimumVisualStudioVersion = 10.0.40219.1
Project("{FAE04EC0-301F-11D3-BF4B-00C04F79EFBC}") = "Lesson_14_10_20_TreeView", "Lesson_14_10_20_TreeView.csproj", "{6DD128D7-493B-49CC-9212-BFCA46CD3D58}"
EndProject
Global
	GlobalSection(SolutionConfigurationPlatforms) = preSolution
		Debug|Any CPU = Debug|Any CPU
		Release|Any CPU = Release|Any CPU
	EndGlobalSection
	GlobalSection(ProjectConfigurationPlatforms) = postSolution
		{6DD128D7-493B-49CC-9212-BFCA46CD3D58}.Debug|Any CPU.ActiveCfg = Debug|Any CPU
		{6DD128D7-493B-49CC-9212-BFCA46CD3D58}.Debug|Any CPU.Build.0 = Debug|Any CPU
		{6DD128D7-493B-49CC-9212-BFCA46CD3D58}.Release|Any CPU.ActiveCfg = Release|Any CPU
		{6DD128D7-493B-49CC-9212-BFCA46CD3D58}.Release|Any CPU.Build.0 = Release|Any CPU
	EndGlobalSection
	GlobalSection(SolutionProperties) = preSolution
		HideSolutionNode = FALSE
	EndGlobalSection
	GlobalSection(ExtensibilityGlobals) = postSolution
		SolutionGuid = {D634F36A-8035-4763-A186-5D06213C84CE}
	EndGlobalSection
EndGlobal
