
Microsoft Visual Studio Solution File, Format Version 12.00
# Visual Studio Version 16
VisualStudioVersion = 16.0.30413.136
MinimumVisualStudioVersion = 10.0.40219.1
Project("{FAE04EC0-301F-11D3-BF4B-00C04F79EFBC}") = "lesson_11_09_20_Generics", "lesson_11_09_20_Generics.csproj", "{37768A2E-A05A-45DD-9323-F53F17EBD9B9}"
EndProject
Global
	GlobalSection(SolutionConfigurationPlatforms) = preSolution
		Debug|Any CPU = Debug|Any CPU
		Release|Any CPU = Release|Any CPU
	EndGlobalSection
	GlobalSection(ProjectConfigurationPlatforms) = postSolution
		{37768A2E-A05A-45DD-9323-F53F17EBD9B9}.Debug|Any CPU.ActiveCfg = Debug|Any CPU
		{37768A2E-A05A-45DD-9323-F53F17EBD9B9}.Debug|Any CPU.Build.0 = Debug|Any CPU
		{37768A2E-A05A-45DD-9323-F53F17EBD9B9}.Release|Any CPU.ActiveCfg = Release|Any CPU
		{37768A2E-A05A-45DD-9323-F53F17EBD9B9}.Release|Any CPU.Build.0 = Release|Any CPU
	EndGlobalSection
	GlobalSection(SolutionProperties) = preSolution
		HideSolutionNode = FALSE
	EndGlobalSection
	GlobalSection(ExtensibilityGlobals) = postSolution
		SolutionGuid = {F442AC1F-A9C8-47B3-83ED-8CA46A10D7C0}
	EndGlobalSection
EndGlobal
