
Microsoft Visual Studio Solution File, Format Version 12.00
# Visual Studio Version 16
VisualStudioVersion = 16.0.30523.141
MinimumVisualStudioVersion = 10.0.40219.1
Project("{FAE04EC0-301F-11D3-BF4B-00C04F79EFBC}") = "Lesson_15_10_20_UserControl", "Lesson_15_10_20_UserControl.csproj", "{FABBF2D4-320F-46CB-B8B2-94671F0566E6}"
EndProject
Global
	GlobalSection(SolutionConfigurationPlatforms) = preSolution
		Debug|Any CPU = Debug|Any CPU
		Release|Any CPU = Release|Any CPU
	EndGlobalSection
	GlobalSection(ProjectConfigurationPlatforms) = postSolution
		{FABBF2D4-320F-46CB-B8B2-94671F0566E6}.Debug|Any CPU.ActiveCfg = Debug|Any CPU
		{FABBF2D4-320F-46CB-B8B2-94671F0566E6}.Debug|Any CPU.Build.0 = Debug|Any CPU
		{FABBF2D4-320F-46CB-B8B2-94671F0566E6}.Release|Any CPU.ActiveCfg = Release|Any CPU
		{FABBF2D4-320F-46CB-B8B2-94671F0566E6}.Release|Any CPU.Build.0 = Release|Any CPU
	EndGlobalSection
	GlobalSection(SolutionProperties) = preSolution
		HideSolutionNode = FALSE
	EndGlobalSection
	GlobalSection(ExtensibilityGlobals) = postSolution
		SolutionGuid = {BF2B8C0B-0F4A-4C9A-810E-7827D6A149E7}
	EndGlobalSection
EndGlobal
