
Microsoft Visual Studio Solution File, Format Version 12.00
# Visual Studio Version 16
VisualStudioVersion = 16.0.30523.141
MinimumVisualStudioVersion = 10.0.40219.1
Project("{FAE04EC0-301F-11D3-BF4B-00C04F79EFBC}") = "Lesson_05_10_20", "Lesson_05_10_20.csproj", "{1E63D640-D93D-4473-8250-EA46AF1865DE}"
EndProject
Global
	GlobalSection(SolutionConfigurationPlatforms) = preSolution
		Debug|Any CPU = Debug|Any CPU
		Release|Any CPU = Release|Any CPU
	EndGlobalSection
	GlobalSection(ProjectConfigurationPlatforms) = postSolution
		{1E63D640-D93D-4473-8250-EA46AF1865DE}.Debug|Any CPU.ActiveCfg = Debug|Any CPU
		{1E63D640-D93D-4473-8250-EA46AF1865DE}.Debug|Any CPU.Build.0 = Debug|Any CPU
		{1E63D640-D93D-4473-8250-EA46AF1865DE}.Release|Any CPU.ActiveCfg = Release|Any CPU
		{1E63D640-D93D-4473-8250-EA46AF1865DE}.Release|Any CPU.Build.0 = Release|Any CPU
	EndGlobalSection
	GlobalSection(SolutionProperties) = preSolution
		HideSolutionNode = FALSE
	EndGlobalSection
	GlobalSection(ExtensibilityGlobals) = postSolution
		SolutionGuid = {049863E8-6CC4-4215-AC08-3654EC0FE53F}
	EndGlobalSection
EndGlobal
