
Microsoft Visual Studio Solution File, Format Version 12.00
# Visual Studio Version 16
VisualStudioVersion = 16.0.30413.136
MinimumVisualStudioVersion = 10.0.40219.1
Project("{FAE04EC0-301F-11D3-BF4B-00C04F79EFBC}") = "Lesson_03_09_20_Classes", "Lesson_03_09_20_Classes.csproj", "{04B059BE-7C58-4165-9F69-3A3D04933ED7}"
EndProject
Global
	GlobalSection(SolutionConfigurationPlatforms) = preSolution
		Debug|Any CPU = Debug|Any CPU
		Release|Any CPU = Release|Any CPU
	EndGlobalSection
	GlobalSection(ProjectConfigurationPlatforms) = postSolution
		{04B059BE-7C58-4165-9F69-3A3D04933ED7}.Debug|Any CPU.ActiveCfg = Debug|Any CPU
		{04B059BE-7C58-4165-9F69-3A3D04933ED7}.Debug|Any CPU.Build.0 = Debug|Any CPU
		{04B059BE-7C58-4165-9F69-3A3D04933ED7}.Release|Any CPU.ActiveCfg = Release|Any CPU
		{04B059BE-7C58-4165-9F69-3A3D04933ED7}.Release|Any CPU.Build.0 = Release|Any CPU
	EndGlobalSection
	GlobalSection(SolutionProperties) = preSolution
		HideSolutionNode = FALSE
	EndGlobalSection
	GlobalSection(ExtensibilityGlobals) = postSolution
		SolutionGuid = {879C31DD-F938-4A80-9C78-CCD7B4F2961E}
	EndGlobalSection
EndGlobal
