
Microsoft Visual Studio Solution File, Format Version 12.00
# Visual Studio Version 16
VisualStudioVersion = 16.0.30523.141
MinimumVisualStudioVersion = 10.0.40219.1
Project("{FAE04EC0-301F-11D3-BF4B-00C04F79EFBC}") = "Intro", "Intro.csproj", "{F68A0D01-9176-418B-BCC9-270655B39574}"
EndProject
Global
	GlobalSection(SolutionConfigurationPlatforms) = preSolution
		Debug|Any CPU = Debug|Any CPU
		Release|Any CPU = Release|Any CPU
	EndGlobalSection
	GlobalSection(ProjectConfigurationPlatforms) = postSolution
		{F68A0D01-9176-418B-BCC9-270655B39574}.Debug|Any CPU.ActiveCfg = Debug|Any CPU
		{F68A0D01-9176-418B-BCC9-270655B39574}.Debug|Any CPU.Build.0 = Debug|Any CPU
		{F68A0D01-9176-418B-BCC9-270655B39574}.Release|Any CPU.ActiveCfg = Release|Any CPU
		{F68A0D01-9176-418B-BCC9-270655B39574}.Release|Any CPU.Build.0 = Release|Any CPU
	EndGlobalSection
	GlobalSection(SolutionProperties) = preSolution
		HideSolutionNode = FALSE
	EndGlobalSection
	GlobalSection(ExtensibilityGlobals) = postSolution
		SolutionGuid = {4E741BE4-FC4E-4FB8-B68C-A7BF26942CA4}
	EndGlobalSection
EndGlobal
