
Microsoft Visual Studio Solution File, Format Version 12.00
# Visual Studio Version 16
VisualStudioVersion = 16.0.30523.141
MinimumVisualStudioVersion = 10.0.40219.1
Project("{FAE04EC0-301F-11D3-BF4B-00C04F79EFBC}") = "MVVM Messaging", "MVVM Messaging.csproj", "{26AA18AA-9193-445A-8139-EEED113DB12C}"
EndProject
Global
	GlobalSection(SolutionConfigurationPlatforms) = preSolution
		Debug|Any CPU = Debug|Any CPU
		Release|Any CPU = Release|Any CPU
	EndGlobalSection
	GlobalSection(ProjectConfigurationPlatforms) = postSolution
		{26AA18AA-9193-445A-8139-EEED113DB12C}.Debug|Any CPU.ActiveCfg = Debug|Any CPU
		{26AA18AA-9193-445A-8139-EEED113DB12C}.Debug|Any CPU.Build.0 = Debug|Any CPU
		{26AA18AA-9193-445A-8139-EEED113DB12C}.Release|Any CPU.ActiveCfg = Release|Any CPU
		{26AA18AA-9193-445A-8139-EEED113DB12C}.Release|Any CPU.Build.0 = Release|Any CPU
	EndGlobalSection
	GlobalSection(SolutionProperties) = preSolution
		HideSolutionNode = FALSE
	EndGlobalSection
	GlobalSection(ExtensibilityGlobals) = postSolution
		SolutionGuid = {5CB7E5BC-9E43-415C-AAFA-59B12115B14F}
	EndGlobalSection
EndGlobal
