
Microsoft Visual Studio Solution File, Format Version 12.00
# Visual Studio Version 16
VisualStudioVersion = 16.0.30413.136
MinimumVisualStudioVersion = 10.0.40219.1
Project("{FAE04EC0-301F-11D3-BF4B-00C04F79EFBC}") = "Lesson_16_09_20_Delegates", "Lesson_16_09_20_Delegates.csproj", "{618BE414-5AA9-4ECD-9C92-99F16066667A}"
EndProject
Global
	GlobalSection(SolutionConfigurationPlatforms) = preSolution
		Debug|Any CPU = Debug|Any CPU
		Release|Any CPU = Release|Any CPU
	EndGlobalSection
	GlobalSection(ProjectConfigurationPlatforms) = postSolution
		{618BE414-5AA9-4ECD-9C92-99F16066667A}.Debug|Any CPU.ActiveCfg = Debug|Any CPU
		{618BE414-5AA9-4ECD-9C92-99F16066667A}.Debug|Any CPU.Build.0 = Debug|Any CPU
		{618BE414-5AA9-4ECD-9C92-99F16066667A}.Release|Any CPU.ActiveCfg = Release|Any CPU
		{618BE414-5AA9-4ECD-9C92-99F16066667A}.Release|Any CPU.Build.0 = Release|Any CPU
	EndGlobalSection
	GlobalSection(SolutionProperties) = preSolution
		HideSolutionNode = FALSE
	EndGlobalSection
	GlobalSection(ExtensibilityGlobals) = postSolution
		SolutionGuid = {53B97411-BFA9-40C2-A556-F6C3A50FACA7}
	EndGlobalSection
EndGlobal
