
Microsoft Visual Studio Solution File, Format Version 12.00
# Visual Studio Version 16
VisualStudioVersion = 16.0.30523.141
MinimumVisualStudioVersion = 10.0.40219.1
Project("{FAE04EC0-301F-11D3-BF4B-00C04F79EFBC}") = "State", "State.csproj", "{269DE995-31CE-4A19-93AC-72BB684980FF}"
EndProject
Global
	GlobalSection(SolutionConfigurationPlatforms) = preSolution
		Debug|Any CPU = Debug|Any CPU
		Release|Any CPU = Release|Any CPU
	EndGlobalSection
	GlobalSection(ProjectConfigurationPlatforms) = postSolution
		{269DE995-31CE-4A19-93AC-72BB684980FF}.Debug|Any CPU.ActiveCfg = Debug|Any CPU
		{269DE995-31CE-4A19-93AC-72BB684980FF}.Debug|Any CPU.Build.0 = Debug|Any CPU
		{269DE995-31CE-4A19-93AC-72BB684980FF}.Release|Any CPU.ActiveCfg = Release|Any CPU
		{269DE995-31CE-4A19-93AC-72BB684980FF}.Release|Any CPU.Build.0 = Release|Any CPU
	EndGlobalSection
	GlobalSection(SolutionProperties) = preSolution
		HideSolutionNode = FALSE
	EndGlobalSection
	GlobalSection(ExtensibilityGlobals) = postSolution
		SolutionGuid = {60ACFC6C-D3B8-4EAE-BA1A-AE3A59EE43DD}
	EndGlobalSection
EndGlobal
