
Microsoft Visual Studio Solution File, Format Version 12.00
# Visual Studio Version 16
VisualStudioVersion = 16.0.30413.136
MinimumVisualStudioVersion = 10.0.40219.1
Project("{FAE04EC0-301F-11D3-BF4B-00C04F79EFBC}") = "Lesson_07_09_20_Exception", "Lesson_07_09_20_Exception.csproj", "{1E2C4983-8E20-4382-B8BB-CC6380360AD9}"
EndProject
Global
	GlobalSection(SolutionConfigurationPlatforms) = preSolution
		Debug|Any CPU = Debug|Any CPU
		Release|Any CPU = Release|Any CPU
	EndGlobalSection
	GlobalSection(ProjectConfigurationPlatforms) = postSolution
		{1E2C4983-8E20-4382-B8BB-CC6380360AD9}.Debug|Any CPU.ActiveCfg = Debug|Any CPU
		{1E2C4983-8E20-4382-B8BB-CC6380360AD9}.Debug|Any CPU.Build.0 = Debug|Any CPU
		{1E2C4983-8E20-4382-B8BB-CC6380360AD9}.Release|Any CPU.ActiveCfg = Release|Any CPU
		{1E2C4983-8E20-4382-B8BB-CC6380360AD9}.Release|Any CPU.Build.0 = Release|Any CPU
	EndGlobalSection
	GlobalSection(SolutionProperties) = preSolution
		HideSolutionNode = FALSE
	EndGlobalSection
	GlobalSection(ExtensibilityGlobals) = postSolution
		SolutionGuid = {820EE5B3-1F38-4CE7-81DC-BE4DAF81C409}
	EndGlobalSection
EndGlobal
