
Microsoft Visual Studio Solution File, Format Version 12.00
# Visual Studio Version 16
VisualStudioVersion = 16.0.30523.141
MinimumVisualStudioVersion = 10.0.40219.1
Project("{FAE04EC0-301F-11D3-BF4B-00C04F79EFBC}") = "Open Closed Principle", "Open Closed Principle.csproj", "{F15F3AFA-7ACC-4FF5-BD15-F8E2AEFC17F7}"
EndProject
Global
	GlobalSection(SolutionConfigurationPlatforms) = preSolution
		Debug|Any CPU = Debug|Any CPU
		Release|Any CPU = Release|Any CPU
	EndGlobalSection
	GlobalSection(ProjectConfigurationPlatforms) = postSolution
		{F15F3AFA-7ACC-4FF5-BD15-F8E2AEFC17F7}.Debug|Any CPU.ActiveCfg = Debug|Any CPU
		{F15F3AFA-7ACC-4FF5-BD15-F8E2AEFC17F7}.Debug|Any CPU.Build.0 = Debug|Any CPU
		{F15F3AFA-7ACC-4FF5-BD15-F8E2AEFC17F7}.Release|Any CPU.ActiveCfg = Release|Any CPU
		{F15F3AFA-7ACC-4FF5-BD15-F8E2AEFC17F7}.Release|Any CPU.Build.0 = Release|Any CPU
	EndGlobalSection
	GlobalSection(SolutionProperties) = preSolution
		HideSolutionNode = FALSE
	EndGlobalSection
	GlobalSection(ExtensibilityGlobals) = postSolution
		SolutionGuid = {476B4265-CF42-4A91-95E6-CC8F9FFB81D2}
	EndGlobalSection
EndGlobal
