
Microsoft Visual Studio Solution File, Format Version 12.00
# Visual Studio Version 16
VisualStudioVersion = 16.0.30523.141
MinimumVisualStudioVersion = 10.0.40219.1
Project("{FAE04EC0-301F-11D3-BF4B-00C04F79EFBC}") = "Mediator", "Mediator.csproj", "{264CED83-2C74-4A66-994C-25D4866F6600}"
EndProject
Global
	GlobalSection(SolutionConfigurationPlatforms) = preSolution
		Debug|Any CPU = Debug|Any CPU
		Release|Any CPU = Release|Any CPU
	EndGlobalSection
	GlobalSection(ProjectConfigurationPlatforms) = postSolution
		{264CED83-2C74-4A66-994C-25D4866F6600}.Debug|Any CPU.ActiveCfg = Debug|Any CPU
		{264CED83-2C74-4A66-994C-25D4866F6600}.Debug|Any CPU.Build.0 = Debug|Any CPU
		{264CED83-2C74-4A66-994C-25D4866F6600}.Release|Any CPU.ActiveCfg = Release|Any CPU
		{264CED83-2C74-4A66-994C-25D4866F6600}.Release|Any CPU.Build.0 = Release|Any CPU
	EndGlobalSection
	GlobalSection(SolutionProperties) = preSolution
		HideSolutionNode = FALSE
	EndGlobalSection
	GlobalSection(ExtensibilityGlobals) = postSolution
		SolutionGuid = {A2DC78D4-9C03-4F6C-B57A-CCAAB100584E}
	EndGlobalSection
EndGlobal
