
Microsoft Visual Studio Solution File, Format Version 12.00
# Visual Studio Version 16
VisualStudioVersion = 16.0.30523.141
MinimumVisualStudioVersion = 10.0.40219.1
Project("{FAE04EC0-301F-11D3-BF4B-00C04F79EFBC}") = "Bridge", "Bridge.csproj", "{F12E310D-C2E2-4C40-9A81-779F9290409F}"
EndProject
Global
	GlobalSection(SolutionConfigurationPlatforms) = preSolution
		Debug|Any CPU = Debug|Any CPU
		Release|Any CPU = Release|Any CPU
	EndGlobalSection
	GlobalSection(ProjectConfigurationPlatforms) = postSolution
		{F12E310D-C2E2-4C40-9A81-779F9290409F}.Debug|Any CPU.ActiveCfg = Debug|Any CPU
		{F12E310D-C2E2-4C40-9A81-779F9290409F}.Debug|Any CPU.Build.0 = Debug|Any CPU
		{F12E310D-C2E2-4C40-9A81-779F9290409F}.Release|Any CPU.ActiveCfg = Release|Any CPU
		{F12E310D-C2E2-4C40-9A81-779F9290409F}.Release|Any CPU.Build.0 = Release|Any CPU
	EndGlobalSection
	GlobalSection(SolutionProperties) = preSolution
		HideSolutionNode = FALSE
	EndGlobalSection
	GlobalSection(ExtensibilityGlobals) = postSolution
		SolutionGuid = {0DB420BF-3374-4E07-A21A-BE558BAF13A9}
	EndGlobalSection
EndGlobal
